{
  "name": "generate_technical_2025",
  "lockfileVersion": 3,
  "requires": true,
  "packages": {
    "": {
      "dependencies": {
        "fluid-oas": "^0.4.4"
      }
    },
    "node_modules/fluid-oas": {
      "version": "0.4.4",
      "resolved": "https://registry.npmjs.org/fluid-oas/-/fluid-oas-0.4.4.tgz",
      "integrity": "sha512-yDyR9wMXQRDNSnurP1+L/XkCCazx6seZ/1W/kVcrIwYOydIbFrhsJ7U49FhDVTJ3caktI90xlkQD43ER2/yJwA==",
      "license": "MIT",
      "peerDependencies": {
        "typescript": "^5"
      }
    },
    "node_modules/typescript": {
      "version": "5.8.3",
      "resolved": "https://registry.npmjs.org/typescript/-/typescript-5.8.3.tgz",
      "integrity": "sha512-p1diW6TqL9L07nNxvRMM7hMMw4c5XOo/1ibL4aAIGmSAt9slTE1Xgw5KWuof2uTOvCg9BY7ZRi+GaF+7sfgPeQ==",
      "license": "Apache-2.0",
      "peer": true,
      "bin": {
        "tsc": "bin/tsc",
        "tsserver": "bin/tsserver"
      },
      "engines": {
        "node": ">=14.17"
      }
    }
  }
}
